
Microsoft Visual Studio Solution File, Format Version 12.00
# Visual Studio Version 16
VisualStudioVersion = 16.0.32602.291
MinimumVisualStudioVersion = 10.0.40219.1
Project("{FAE04EC0-301F-11D3-BF4B-00C04F79EFBC}") = "GamingApplication", "GamingApplication\GamingApplication.csproj", "{16E8F5FA-97EA-44A1-90BB-3551FAC3E4B3}"
EndProject
Project("{FAE04EC0-301F-11D3-BF4B-00C04F79EFBC}") = "GamingApplication.Interfaces", "GamingApplication.Interfaces\GamingApplication.Interfaces.csproj", "{6F1EB403-767E-4D02-BD5C-8A03FA3D8D0A}"
EndProject
Project("{FAE04EC0-301F-11D3-BF4B-00C04F79EFBC}") = "GamingApplication.Helpers", "GamingApplication.Helpers\GamingApplication.Helpers.csproj", "{B4249863-A441-487B-BEF9-3443ED1AFF5A}"
EndProject
Global
	GlobalSection(SolutionConfigurationPlatforms) = preSolution
		Debug|Any CPU = Debug|Any CPU
		Release|Any CPU = Release|Any CPU
	EndGlobalSection
	GlobalSection(ProjectConfigurationPlatforms) = postSolution
		{16E8F5FA-97EA-44A1-90BB-3551FAC3E4B3}.Debug|Any CPU.ActiveCfg = Debug|Any CPU
		{16E8F5FA-97EA-44A1-90BB-3551FAC3E4B3}.Debug|Any CPU.Build.0 = Debug|Any CPU
		{16E8F5FA-97EA-44A1-90BB-3551FAC3E4B3}.Release|Any CPU.ActiveCfg = Release|Any CPU
		{16E8F5FA-97EA-44A1-90BB-3551FAC3E4B3}.Release|Any CPU.Build.0 = Release|Any CPU
		{6F1EB403-767E-4D02-BD5C-8A03FA3D8D0A}.Debug|Any CPU.ActiveCfg = Debug|Any CPU
		{6F1EB403-767E-4D02-BD5C-8A03FA3D8D0A}.Debug|Any CPU.Build.0 = Debug|Any CPU
		{6F1EB403-767E-4D02-BD5C-8A03FA3D8D0A}.Release|Any CPU.ActiveCfg = Release|Any CPU
		{6F1EB403-767E-4D02-BD5C-8A03FA3D8D0A}.Release|Any CPU.Build.0 = Release|Any CPU
		{B4249863-A441-487B-BEF9-3443ED1AFF5A}.Debug|Any CPU.ActiveCfg = Debug|Any CPU
		{B4249863-A441-487B-BEF9-3443ED1AFF5A}.Debug|Any CPU.Build.0 = Debug|Any CPU
		{B4249863-A441-487B-BEF9-3443ED1AFF5A}.Release|Any CPU.ActiveCfg = Release|Any CPU
		{B4249863-A441-487B-BEF9-3443ED1AFF5A}.Release|Any CPU.Build.0 = Release|Any CPU
	EndGlobalSection
	GlobalSection(SolutionProperties) = preSolution
		HideSolutionNode = FALSE
	EndGlobalSection
	GlobalSection(ExtensibilityGlobals) = postSolution
		SolutionGuid = {2644FC47-6B45-4673-85D5-0B3A439716E2}
	EndGlobalSection
EndGlobal
